
Microsoft Visual Studio Solution File, Format Version 12.00
# Visual Studio Version 17
VisualStudioVersion = 17.10.35013.160
MinimumVisualStudioVersion = 10.0.40219.1
Project("{FAE04EC0-301F-11D3-BF4B-00C04F79EFBC}") = "WashWise.Web", "WashWise.Web\WashWise.Web.csproj", "{36CF9C94-BB45-40AB-8121-2D4976B81013}"
EndProject
Project("{FAE04EC0-301F-11D3-BF4B-00C04F79EFBC}") = "WashWise.Data", "WashWise.Data\WashWise.Data.csproj", "{EBDB6309-3A25-412A-9A5F-ED348BA7ED88}"
EndProject
Project("{FAE04EC0-301F-11D3-BF4B-00C04F79EFBC}") = "WashWise.Models", "WashWise.Models\WashWise.Models.csproj", "{73F24A83-413C-47A8-B914-7C64C1D852FA}"
EndProject
Project("{FAE04EC0-301F-11D3-BF4B-00C04F79EFBC}") = "WashWise.Services", "WashWise.Services\WashWise.Services.csproj", "{DAE2BFF7-59B4-4F70-9063-3A330D1E70DE}"
EndProject
Global
	GlobalSection(SolutionConfigurationPlatforms) = preSolution
		Debug|Any CPU = Debug|Any CPU
		Release|Any CPU = Release|Any CPU
	EndGlobalSection
	GlobalSection(ProjectConfigurationPlatforms) = postSolution
		{36CF9C94-BB45-40AB-8121-2D4976B81013}.Debug|Any CPU.ActiveCfg = Debug|Any CPU
		{36CF9C94-BB45-40AB-8121-2D4976B81013}.Debug|Any CPU.Build.0 = Debug|Any CPU
		{36CF9C94-BB45-40AB-8121-2D4976B81013}.Release|Any CPU.ActiveCfg = Release|Any CPU
		{36CF9C94-BB45-40AB-8121-2D4976B81013}.Release|Any CPU.Build.0 = Release|Any CPU
		{EBDB6309-3A25-412A-9A5F-ED348BA7ED88}.Debug|Any CPU.ActiveCfg = Debug|Any CPU
		{EBDB6309-3A25-412A-9A5F-ED348BA7ED88}.Debug|Any CPU.Build.0 = Debug|Any CPU
		{EBDB6309-3A25-412A-9A5F-ED348BA7ED88}.Release|Any CPU.ActiveCfg = Release|Any CPU
		{EBDB6309-3A25-412A-9A5F-ED348BA7ED88}.Release|Any CPU.Build.0 = Release|Any CPU
		{73F24A83-413C-47A8-B914-7C64C1D852FA}.Debug|Any CPU.ActiveCfg = Debug|Any CPU
		{73F24A83-413C-47A8-B914-7C64C1D852FA}.Debug|Any CPU.Build.0 = Debug|Any CPU
		{73F24A83-413C-47A8-B914-7C64C1D852FA}.Release|Any CPU.ActiveCfg = Release|Any CPU
		{73F24A83-413C-47A8-B914-7C64C1D852FA}.Release|Any CPU.Build.0 = Release|Any CPU
		{DAE2BFF7-59B4-4F70-9063-3A330D1E70DE}.Debug|Any CPU.ActiveCfg = Debug|Any CPU
		{DAE2BFF7-59B4-4F70-9063-3A330D1E70DE}.Debug|Any CPU.Build.0 = Debug|Any CPU
		{DAE2BFF7-59B4-4F70-9063-3A330D1E70DE}.Release|Any CPU.ActiveCfg = Release|Any CPU
		{DAE2BFF7-59B4-4F70-9063-3A330D1E70DE}.Release|Any CPU.Build.0 = Release|Any CPU
	EndGlobalSection
	GlobalSection(SolutionProperties) = preSolution
		HideSolutionNode = FALSE
	EndGlobalSection
	GlobalSection(ExtensibilityGlobals) = postSolution
		SolutionGuid = {E0A68B03-84B5-4DEE-B2F8-E34AC556719F}
	EndGlobalSection
EndGlobal
